
Microsoft Visual Studio Solution File, Format Version 12.00
# Visual Studio Version 17
VisualStudioVersion = 17.13.35931.197
MinimumVisualStudioVersion = 10.0.40219.1
Project("{FAE04EC0-301F-11D3-BF4B-00C04F79EFBC}") = "TiendaOnline.backend", "TiendaOnline.backend\TiendaOnline.backend.csproj", "{CBFEC82E-64A2-4E98-B3D0-B08CBA515259}"
EndProject
Global
	GlobalSection(SolutionConfigurationPlatforms) = preSolution
		Debug|Any CPU = Debug|Any CPU
		Release|Any CPU = Release|Any CPU
	EndGlobalSection
	GlobalSection(ProjectConfigurationPlatforms) = postSolution
		{CBFEC82E-64A2-4E98-B3D0-B08CBA515259}.Debug|Any CPU.ActiveCfg = Debug|Any CPU
		{CBFEC82E-64A2-4E98-B3D0-B08CBA515259}.Debug|Any CPU.Build.0 = Debug|Any CPU
		{CBFEC82E-64A2-4E98-B3D0-B08CBA515259}.Release|Any CPU.ActiveCfg = Release|Any CPU
		{CBFEC82E-64A2-4E98-B3D0-B08CBA515259}.Release|Any CPU.Build.0 = Release|Any CPU
	EndGlobalSection
	GlobalSection(SolutionProperties) = preSolution
		HideSolutionNode = FALSE
	EndGlobalSection
	GlobalSection(ExtensibilityGlobals) = postSolution
		SolutionGuid = {3DB3C216-1810-422E-ACC4-691E9299668C}
	EndGlobalSection
EndGlobal
